
Microsoft Visual Studio Solution File, Format Version 12.00
# Visual Studio Version 17
VisualStudioVersion = 17.3.32901.215
MinimumVisualStudioVersion = 10.0.40219.1
Project("{9A19103F-16F7-4668-BE54-9A1E7A4F7556}") = "ZoobookTest.WebApi", "ZooBookTest\ZoobookTest.WebApi.csproj", "{58DA194D-B70A-42D4-8C65-4B3A7E8F3742}"
EndProject
Project("{9A19103F-16F7-4668-BE54-9A1E7A4F7556}") = "ZoobookTest.DataAccess", "ZoobookTest.DataAccess\ZoobookTest.DataAccess.csproj", "{F674EB6D-E2B2-40B7-8B2C-93DB40D86E4E}"
EndProject
Project("{9A19103F-16F7-4668-BE54-9A1E7A4F7556}") = "ZoobookTest.Service", "ZoobookTest.Service\ZoobookTest.Service.csproj", "{BF36D282-ED0B-4AB5-8605-F911A12414EB}"
EndProject
Project("{9A19103F-16F7-4668-BE54-9A1E7A4F7556}") = "ZoobookTest.Domain", "ZoobookTest.Domain\ZoobookTest.Domain.csproj", "{93AD8FE1-5B22-46FE-B4D3-3015A47F9DC2}"
EndProject
Project("{FAE04EC0-301F-11D3-BF4B-00C04F79EFBC}") = "ZoobookTest.WebApi.Test", "ZoobookTest.WebApi.Test\ZoobookTest.WebApi.Test.csproj", "{80D3843A-0AD8-4F72-8045-9B673D9D2498}"
EndProject
Global
	GlobalSection(SolutionConfigurationPlatforms) = preSolution
		Debug|Any CPU = Debug|Any CPU
		Release|Any CPU = Release|Any CPU
	EndGlobalSection
	GlobalSection(ProjectConfigurationPlatforms) = postSolution
		{58DA194D-B70A-42D4-8C65-4B3A7E8F3742}.Debug|Any CPU.ActiveCfg = Debug|Any CPU
		{58DA194D-B70A-42D4-8C65-4B3A7E8F3742}.Debug|Any CPU.Build.0 = Debug|Any CPU
		{58DA194D-B70A-42D4-8C65-4B3A7E8F3742}.Release|Any CPU.ActiveCfg = Release|Any CPU
		{58DA194D-B70A-42D4-8C65-4B3A7E8F3742}.Release|Any CPU.Build.0 = Release|Any CPU
		{F674EB6D-E2B2-40B7-8B2C-93DB40D86E4E}.Debug|Any CPU.ActiveCfg = Debug|Any CPU
		{F674EB6D-E2B2-40B7-8B2C-93DB40D86E4E}.Debug|Any CPU.Build.0 = Debug|Any CPU
		{F674EB6D-E2B2-40B7-8B2C-93DB40D86E4E}.Release|Any CPU.ActiveCfg = Release|Any CPU
		{F674EB6D-E2B2-40B7-8B2C-93DB40D86E4E}.Release|Any CPU.Build.0 = Release|Any CPU
		{BF36D282-ED0B-4AB5-8605-F911A12414EB}.Debug|Any CPU.ActiveCfg = Debug|Any CPU
		{BF36D282-ED0B-4AB5-8605-F911A12414EB}.Debug|Any CPU.Build.0 = Debug|Any CPU
		{BF36D282-ED0B-4AB5-8605-F911A12414EB}.Release|Any CPU.ActiveCfg = Release|Any CPU
		{BF36D282-ED0B-4AB5-8605-F911A12414EB}.Release|Any CPU.Build.0 = Release|Any CPU
		{93AD8FE1-5B22-46FE-B4D3-3015A47F9DC2}.Debug|Any CPU.ActiveCfg = Debug|Any CPU
		{93AD8FE1-5B22-46FE-B4D3-3015A47F9DC2}.Debug|Any CPU.Build.0 = Debug|Any CPU
		{93AD8FE1-5B22-46FE-B4D3-3015A47F9DC2}.Release|Any CPU.ActiveCfg = Release|Any CPU
		{93AD8FE1-5B22-46FE-B4D3-3015A47F9DC2}.Release|Any CPU.Build.0 = Release|Any CPU
		{80D3843A-0AD8-4F72-8045-9B673D9D2498}.Debug|Any CPU.ActiveCfg = Debug|Any CPU
		{80D3843A-0AD8-4F72-8045-9B673D9D2498}.Debug|Any CPU.Build.0 = Debug|Any CPU
		{80D3843A-0AD8-4F72-8045-9B673D9D2498}.Release|Any CPU.ActiveCfg = Release|Any CPU
		{80D3843A-0AD8-4F72-8045-9B673D9D2498}.Release|Any CPU.Build.0 = Release|Any CPU
	EndGlobalSection
	GlobalSection(SolutionProperties) = preSolution
		HideSolutionNode = FALSE
	EndGlobalSection
	GlobalSection(ExtensibilityGlobals) = postSolution
		SolutionGuid = {6F67F049-2BBE-4175-9A88-27CE8CE58A5D}
	EndGlobalSection
EndGlobal
